{
  "name": "js-quiz-starter",
  "version": "1.0.0",
  "lockfileVersion": 1,
  "requires": true,
<<<<<<< HEAD
  "packages": {
    "": {
      "name": "js-quiz-starter",
      "version": "1.0.0",
      "license": "MIT",
      "devDependencies": {
        "prettier": "^2.2.1"
      },
      "engines": {
        "node": ">= 14.17.3"
      }
    },
    "node_modules/prettier": {
      "version": "2.2.1",
      "resolved": "https://registry.npmjs.org/prettier/-/prettier-2.2.1.tgz",
      "integrity": "sha512-PqyhM2yCjg/oKkFPtTGUojv7gnZAoG80ttl45O6x2Ug/rMJw4wcc9k6aaf2hibP7BGVCCM33gZoGjyvt9mm16Q==",
      "dev": true,
      "bin": {
        "prettier": "bin-prettier.js"
      },
      "engines": {
        "node": ">=10.13.0"
      }
    }
  },
=======
>>>>>>> e8608d3b26b358e9843596662417aa3e9d55fb46
  "dependencies": {
    "prettier": {
      "version": "2.2.1",
      "resolved": "https://registry.npmjs.org/prettier/-/prettier-2.2.1.tgz",
      "integrity": "sha512-PqyhM2yCjg/oKkFPtTGUojv7gnZAoG80ttl45O6x2Ug/rMJw4wcc9k6aaf2hibP7BGVCCM33gZoGjyvt9mm16Q==",
      "dev": true
    }
  }
}
